
Microsoft Visual Studio Solution File, Format Version 12.00
# Visual Studio Version 17
VisualStudioVersion = 17.0.31903.59
MinimumVisualStudioVersion = 10.0.40219.1
Project("{2150E333-8FDC-42A3-9474-1A3956D46DE8}") = "Concepts", "Concepts", "{3C10D1D8-C10B-F5FC-629A-A79B84869BB8}"
EndProject
Project("{2150E333-8FDC-42A3-9474-1A3956D46DE8}") = "src", "src", "{BB54B83B-088C-4A07-BDF6-77D4E0F89CFC}"
EndProject
Project("{FAE04EC0-301F-11D3-BF4B-00C04F79EFBC}") = "UnderstandingDependencies.Api", "Concepts\src\UnderstandingDependencies.Api\UnderstandingDependencies.Api.csproj", "{AE7DC9F0-4474-4FD1-9109-A57FBDC92576}"
EndProject
Project("{2150E333-8FDC-42A3-9474-1A3956D46DE8}") = "test", "test", "{CFB75A15-7B0D-5B88-FCAC-7326D260868B}"
EndProject
Project("{FAE04EC0-301F-11D3-BF4B-00C04F79EFBC}") = "UnderstandingDependencies.Api.Tests.Unit", "Concepts\test\UnderstandingDependencies.Api.Tests.Unit\UnderstandingDependencies.Api.Tests.Unit.csproj", "{8F68D246-8B4D-407E-8C93-601287301ABB}"
EndProject
Project("{2150E333-8FDC-42A3-9474-1A3956D46DE8}") = "Fundamentals", "Fundamentals", "{0BCF7000-DB39-CB0A-397E-A81AB03E1EC1}"
EndProject
Project("{2150E333-8FDC-42A3-9474-1A3956D46DE8}") = "src", "src", "{F609284C-959A-0E7A-43B3-1D3A5A558F29}"
EndProject
Project("{FAE04EC0-301F-11D3-BF4B-00C04F79EFBC}") = "CalculatorLibrary", "Fundamentals\src\CalculatorLibrary\CalculatorLibrary.csproj", "{D2246A78-A853-490A-B172-C2BED213227C}"
EndProject
Project("{2150E333-8FDC-42A3-9474-1A3956D46DE8}") = "test", "test", "{624F0C66-EA95-32DA-051A-7A3C72D0F169}"
EndProject
Project("{2150E333-8FDC-42A3-9474-1A3956D46DE8}") = "CalculatorLibraryTests", "CalculatorLibraryTests", "{055B38FA-7B36-10BB-AE69-DD6B8E3F5A8C}"
EndProject
Project("{FAE04EC0-301F-11D3-BF4B-00C04F79EFBC}") = "CalculatorLibrary.Tests.Unit", "Fundamentals\test\CalculatorLibraryTests\CalculatorLibrary.Tests.Unit.csproj", "{ABDDB8F4-5CAF-4FFE-AB25-3F44A2BD224D}"
EndProject
Project("{2150E333-8FDC-42A3-9474-1A3956D46DE8}") = "RealWorld", "RealWorld", "{5E63D70A-3F57-45ED-2112-70B8D22AC501}"
EndProject
Project("{2150E333-8FDC-42A3-9474-1A3956D46DE8}") = "src", "src", "{4E512DE9-C530-6E3F-6E01-441E6FE62CD6}"
EndProject
Project("{FAE04EC0-301F-11D3-BF4B-00C04F79EFBC}") = "Users.Api", "RealWorld\src\Users.Api\Users.Api.csproj", "{068ABBC4-F12F-4A8F-8311-77CB043ECCC9}"
EndProject
Project("{2150E333-8FDC-42A3-9474-1A3956D46DE8}") = "test", "test", "{1A7057E9-3B0D-FB84-A1F9-06C90533F8DA}"
EndProject
Project("{FAE04EC0-301F-11D3-BF4B-00C04F79EFBC}") = "Users.Api.Tests.Unit", "RealWorld\test\Users.Api.Tests.Unit\Users.Api.Tests.Unit.csproj", "{23FF1CAE-CFE2-4E53-8AF1-19F3AC7D74AA}"
EndProject
Project("{2150E333-8FDC-42A3-9474-1A3956D46DE8}") = "Techniques", "Techniques", "{5EA25967-8167-5F89-ABB9-494ACAFBE00E}"
EndProject
Project("{2150E333-8FDC-42A3-9474-1A3956D46DE8}") = "src", "src", "{D3ADDE37-9445-4DAC-A83D-08E24442206D}"
EndProject
Project("{FAE04EC0-301F-11D3-BF4B-00C04F79EFBC}") = "TestingTechniques", "Techniques\src\TestingTechniques\TestingTechniques.csproj", "{31680E17-E53A-4D44-939A-C423650FA689}"
EndProject
Project("{2150E333-8FDC-42A3-9474-1A3956D46DE8}") = "test", "test", "{0CDFD51F-A80A-0B7C-66FB-B8FC5A13C3B9}"
EndProject
Project("{FAE04EC0-301F-11D3-BF4B-00C04F79EFBC}") = "TestingTechniques.Test.Unit", "Techniques\test\TestingTechniques.Test.Unit\TestingTechniques.Test.Unit.csproj", "{ADBCFCF8-C92A-4690-847B-62E53B9C8130}"
EndProject
Global
	GlobalSection(SolutionConfigurationPlatforms) = preSolution
		Debug|Any CPU = Debug|Any CPU
		Debug|x64 = Debug|x64
		Debug|x86 = Debug|x86
		Release|Any CPU = Release|Any CPU
		Release|x64 = Release|x64
		Release|x86 = Release|x86
	EndGlobalSection
	GlobalSection(ProjectConfigurationPlatforms) = postSolution
		{AE7DC9F0-4474-4FD1-9109-A57FBDC92576}.Debug|Any CPU.ActiveCfg = Debug|Any CPU
		{AE7DC9F0-4474-4FD1-9109-A57FBDC92576}.Debug|Any CPU.Build.0 = Debug|Any CPU
		{AE7DC9F0-4474-4FD1-9109-A57FBDC92576}.Debug|x64.ActiveCfg = Debug|Any CPU
		{AE7DC9F0-4474-4FD1-9109-A57FBDC92576}.Debug|x64.Build.0 = Debug|Any CPU
		{AE7DC9F0-4474-4FD1-9109-A57FBDC92576}.Debug|x86.ActiveCfg = Debug|Any CPU
		{AE7DC9F0-4474-4FD1-9109-A57FBDC92576}.Debug|x86.Build.0 = Debug|Any CPU
		{AE7DC9F0-4474-4FD1-9109-A57FBDC92576}.Release|Any CPU.ActiveCfg = Release|Any CPU
		{AE7DC9F0-4474-4FD1-9109-A57FBDC92576}.Release|Any CPU.Build.0 = Release|Any CPU
		{AE7DC9F0-4474-4FD1-9109-A57FBDC92576}.Release|x64.ActiveCfg = Release|Any CPU
		{AE7DC9F0-4474-4FD1-9109-A57FBDC92576}.Release|x64.Build.0 = Release|Any CPU
		{AE7DC9F0-4474-4FD1-9109-A57FBDC92576}.Release|x86.ActiveCfg = Release|Any CPU
		{AE7DC9F0-4474-4FD1-9109-A57FBDC92576}.Release|x86.Build.0 = Release|Any CPU
		{8F68D246-8B4D-407E-8C93-601287301ABB}.Debug|Any CPU.ActiveCfg = Debug|Any CPU
		{8F68D246-8B4D-407E-8C93-601287301ABB}.Debug|Any CPU.Build.0 = Debug|Any CPU
		{8F68D246-8B4D-407E-8C93-601287301ABB}.Debug|x64.ActiveCfg = Debug|Any CPU
		{8F68D246-8B4D-407E-8C93-601287301ABB}.Debug|x64.Build.0 = Debug|Any CPU
		{8F68D246-8B4D-407E-8C93-601287301ABB}.Debug|x86.ActiveCfg = Debug|Any CPU
		{8F68D246-8B4D-407E-8C93-601287301ABB}.Debug|x86.Build.0 = Debug|Any CPU
		{8F68D246-8B4D-407E-8C93-601287301ABB}.Release|Any CPU.ActiveCfg = Release|Any CPU
		{8F68D246-8B4D-407E-8C93-601287301ABB}.Release|Any CPU.Build.0 = Release|Any CPU
		{8F68D246-8B4D-407E-8C93-601287301ABB}.Release|x64.ActiveCfg = Release|Any CPU
		{8F68D246-8B4D-407E-8C93-601287301ABB}.Release|x64.Build.0 = Release|Any CPU
		{8F68D246-8B4D-407E-8C93-601287301ABB}.Release|x86.ActiveCfg = Release|Any CPU
		{8F68D246-8B4D-407E-8C93-601287301ABB}.Release|x86.Build.0 = Release|Any CPU
		{D2246A78-A853-490A-B172-C2BED213227C}.Debug|Any CPU.ActiveCfg = Debug|Any CPU
		{D2246A78-A853-490A-B172-C2BED213227C}.Debug|Any CPU.Build.0 = Debug|Any CPU
		{D2246A78-A853-490A-B172-C2BED213227C}.Debug|x64.ActiveCfg = Debug|Any CPU
		{D2246A78-A853-490A-B172-C2BED213227C}.Debug|x64.Build.0 = Debug|Any CPU
		{D2246A78-A853-490A-B172-C2BED213227C}.Debug|x86.ActiveCfg = Debug|Any CPU
		{D2246A78-A853-490A-B172-C2BED213227C}.Debug|x86.Build.0 = Debug|Any CPU
		{D2246A78-A853-490A-B172-C2BED213227C}.Release|Any CPU.ActiveCfg = Release|Any CPU
		{D2246A78-A853-490A-B172-C2BED213227C}.Release|Any CPU.Build.0 = Release|Any CPU
		{D2246A78-A853-490A-B172-C2BED213227C}.Release|x64.ActiveCfg = Release|Any CPU
		{D2246A78-A853-490A-B172-C2BED213227C}.Release|x64.Build.0 = Release|Any CPU
		{D2246A78-A853-490A-B172-C2BED213227C}.Release|x86.ActiveCfg = Release|Any CPU
		{D2246A78-A853-490A-B172-C2BED213227C}.Release|x86.Build.0 = Release|Any CPU
		{ABDDB8F4-5CAF-4FFE-AB25-3F44A2BD224D}.Debug|Any CPU.ActiveCfg = Debug|Any CPU
		{ABDDB8F4-5CAF-4FFE-AB25-3F44A2BD224D}.Debug|Any CPU.Build.0 = Debug|Any CPU
		{ABDDB8F4-5CAF-4FFE-AB25-3F44A2BD224D}.Debug|x64.ActiveCfg = Debug|Any CPU
		{ABDDB8F4-5CAF-4FFE-AB25-3F44A2BD224D}.Debug|x64.Build.0 = Debug|Any CPU
		{ABDDB8F4-5CAF-4FFE-AB25-3F44A2BD224D}.Debug|x86.ActiveCfg = Debug|Any CPU
		{ABDDB8F4-5CAF-4FFE-AB25-3F44A2BD224D}.Debug|x86.Build.0 = Debug|Any CPU
		{ABDDB8F4-5CAF-4FFE-AB25-3F44A2BD224D}.Release|Any CPU.ActiveCfg = Release|Any CPU
		{ABDDB8F4-5CAF-4FFE-AB25-3F44A2BD224D}.Release|Any CPU.Build.0 = Release|Any CPU
		{ABDDB8F4-5CAF-4FFE-AB25-3F44A2BD224D}.Release|x64.ActiveCfg = Release|Any CPU
		{ABDDB8F4-5CAF-4FFE-AB25-3F44A2BD224D}.Release|x64.Build.0 = Release|Any CPU
		{ABDDB8F4-5CAF-4FFE-AB25-3F44A2BD224D}.Release|x86.ActiveCfg = Release|Any CPU
		{ABDDB8F4-5CAF-4FFE-AB25-3F44A2BD224D}.Release|x86.Build.0 = Release|Any CPU
		{068ABBC4-F12F-4A8F-8311-77CB043ECCC9}.Debug|Any CPU.ActiveCfg = Debug|Any CPU
		{068ABBC4-F12F-4A8F-8311-77CB043ECCC9}.Debug|Any CPU.Build.0 = Debug|Any CPU
		{068ABBC4-F12F-4A8F-8311-77CB043ECCC9}.Debug|x64.ActiveCfg = Debug|Any CPU
		{068ABBC4-F12F-4A8F-8311-77CB043ECCC9}.Debug|x64.Build.0 = Debug|Any CPU
		{068ABBC4-F12F-4A8F-8311-77CB043ECCC9}.Debug|x86.ActiveCfg = Debug|Any CPU
		{068ABBC4-F12F-4A8F-8311-77CB043ECCC9}.Debug|x86.Build.0 = Debug|Any CPU
		{068ABBC4-F12F-4A8F-8311-77CB043ECCC9}.Release|Any CPU.ActiveCfg = Release|Any CPU
		{068ABBC4-F12F-4A8F-8311-77CB043ECCC9}.Release|Any CPU.Build.0 = Release|Any CPU
		{068ABBC4-F12F-4A8F-8311-77CB043ECCC9}.Release|x64.ActiveCfg = Release|Any CPU
		{068ABBC4-F12F-4A8F-8311-77CB043ECCC9}.Release|x64.Build.0 = Release|Any CPU
		{068ABBC4-F12F-4A8F-8311-77CB043ECCC9}.Release|x86.ActiveCfg = Release|Any CPU
		{068ABBC4-F12F-4A8F-8311-77CB043ECCC9}.Release|x86.Build.0 = Release|Any CPU
		{23FF1CAE-CFE2-4E53-8AF1-19F3AC7D74AA}.Debug|Any CPU.ActiveCfg = Debug|Any CPU
		{23FF1CAE-CFE2-4E53-8AF1-19F3AC7D74AA}.Debug|Any CPU.Build.0 = Debug|Any CPU
		{23FF1CAE-CFE2-4E53-8AF1-19F3AC7D74AA}.Debug|x64.ActiveCfg = Debug|Any CPU
		{23FF1CAE-CFE2-4E53-8AF1-19F3AC7D74AA}.Debug|x64.Build.0 = Debug|Any CPU
		{23FF1CAE-CFE2-4E53-8AF1-19F3AC7D74AA}.Debug|x86.ActiveCfg = Debug|Any CPU
		{23FF1CAE-CFE2-4E53-8AF1-19F3AC7D74AA}.Debug|x86.Build.0 = Debug|Any CPU
		{23FF1CAE-CFE2-4E53-8AF1-19F3AC7D74AA}.Release|Any CPU.ActiveCfg = Release|Any CPU
		{23FF1CAE-CFE2-4E53-8AF1-19F3AC7D74AA}.Release|Any CPU.Build.0 = Release|Any CPU
		{23FF1CAE-CFE2-4E53-8AF1-19F3AC7D74AA}.Release|x64.ActiveCfg = Release|Any CPU
		{23FF1CAE-CFE2-4E53-8AF1-19F3AC7D74AA}.Release|x64.Build.0 = Release|Any CPU
		{23FF1CAE-CFE2-4E53-8AF1-19F3AC7D74AA}.Release|x86.ActiveCfg = Release|Any CPU
		{23FF1CAE-CFE2-4E53-8AF1-19F3AC7D74AA}.Release|x86.Build.0 = Release|Any CPU
		{31680E17-E53A-4D44-939A-C423650FA689}.Debug|Any CPU.ActiveCfg = Debug|Any CPU
		{31680E17-E53A-4D44-939A-C423650FA689}.Debug|Any CPU.Build.0 = Debug|Any CPU
		{31680E17-E53A-4D44-939A-C423650FA689}.Debug|x64.ActiveCfg = Debug|Any CPU
		{31680E17-E53A-4D44-939A-C423650FA689}.Debug|x64.Build.0 = Debug|Any CPU
		{31680E17-E53A-4D44-939A-C423650FA689}.Debug|x86.ActiveCfg = Debug|Any CPU
		{31680E17-E53A-4D44-939A-C423650FA689}.Debug|x86.Build.0 = Debug|Any CPU
		{31680E17-E53A-4D44-939A-C423650FA689}.Release|Any CPU.ActiveCfg = Release|Any CPU
		{31680E17-E53A-4D44-939A-C423650FA689}.Release|Any CPU.Build.0 = Release|Any CPU
		{31680E17-E53A-4D44-939A-C423650FA689}.Release|x64.ActiveCfg = Release|Any CPU
		{31680E17-E53A-4D44-939A-C423650FA689}.Release|x64.Build.0 = Release|Any CPU
		{31680E17-E53A-4D44-939A-C423650FA689}.Release|x86.ActiveCfg = Release|Any CPU
		{31680E17-E53A-4D44-939A-C423650FA689}.Release|x86.Build.0 = Release|Any CPU
		{ADBCFCF8-C92A-4690-847B-62E53B9C8130}.Debug|Any CPU.ActiveCfg = Debug|Any CPU
		{ADBCFCF8-C92A-4690-847B-62E53B9C8130}.Debug|Any CPU.Build.0 = Debug|Any CPU
		{ADBCFCF8-C92A-4690-847B-62E53B9C8130}.Debug|x64.ActiveCfg = Debug|Any CPU
		{ADBCFCF8-C92A-4690-847B-62E53B9C8130}.Debug|x64.Build.0 = Debug|Any CPU
		{ADBCFCF8-C92A-4690-847B-62E53B9C8130}.Debug|x86.ActiveCfg = Debug|Any CPU
		{ADBCFCF8-C92A-4690-847B-62E53B9C8130}.Debug|x86.Build.0 = Debug|Any CPU
		{ADBCFCF8-C92A-4690-847B-62E53B9C8130}.Release|Any CPU.ActiveCfg = Release|Any CPU
		{ADBCFCF8-C92A-4690-847B-62E53B9C8130}.Release|Any CPU.Build.0 = Release|Any CPU
		{ADBCFCF8-C92A-4690-847B-62E53B9C8130}.Release|x64.ActiveCfg = Release|Any CPU
		{ADBCFCF8-C92A-4690-847B-62E53B9C8130}.Release|x64.Build.0 = Release|Any CPU
		{ADBCFCF8-C92A-4690-847B-62E53B9C8130}.Release|x86.ActiveCfg = Release|Any CPU
		{ADBCFCF8-C92A-4690-847B-62E53B9C8130}.Release|x86.Build.0 = Release|Any CPU
	EndGlobalSection
	GlobalSection(SolutionProperties) = preSolution
		HideSolutionNode = FALSE
	EndGlobalSection
	GlobalSection(NestedProjects) = preSolution
		{BB54B83B-088C-4A07-BDF6-77D4E0F89CFC} = {3C10D1D8-C10B-F5FC-629A-A79B84869BB8}
		{AE7DC9F0-4474-4FD1-9109-A57FBDC92576} = {BB54B83B-088C-4A07-BDF6-77D4E0F89CFC}
		{CFB75A15-7B0D-5B88-FCAC-7326D260868B} = {3C10D1D8-C10B-F5FC-629A-A79B84869BB8}
		{8F68D246-8B4D-407E-8C93-601287301ABB} = {CFB75A15-7B0D-5B88-FCAC-7326D260868B}
		{F609284C-959A-0E7A-43B3-1D3A5A558F29} = {0BCF7000-DB39-CB0A-397E-A81AB03E1EC1}
		{D2246A78-A853-490A-B172-C2BED213227C} = {F609284C-959A-0E7A-43B3-1D3A5A558F29}
		{624F0C66-EA95-32DA-051A-7A3C72D0F169} = {0BCF7000-DB39-CB0A-397E-A81AB03E1EC1}
		{055B38FA-7B36-10BB-AE69-DD6B8E3F5A8C} = {624F0C66-EA95-32DA-051A-7A3C72D0F169}
		{ABDDB8F4-5CAF-4FFE-AB25-3F44A2BD224D} = {055B38FA-7B36-10BB-AE69-DD6B8E3F5A8C}
		{4E512DE9-C530-6E3F-6E01-441E6FE62CD6} = {5E63D70A-3F57-45ED-2112-70B8D22AC501}
		{068ABBC4-F12F-4A8F-8311-77CB043ECCC9} = {4E512DE9-C530-6E3F-6E01-441E6FE62CD6}
		{1A7057E9-3B0D-FB84-A1F9-06C90533F8DA} = {5E63D70A-3F57-45ED-2112-70B8D22AC501}
		{23FF1CAE-CFE2-4E53-8AF1-19F3AC7D74AA} = {1A7057E9-3B0D-FB84-A1F9-06C90533F8DA}
		{D3ADDE37-9445-4DAC-A83D-08E24442206D} = {5EA25967-8167-5F89-ABB9-494ACAFBE00E}
		{31680E17-E53A-4D44-939A-C423650FA689} = {D3ADDE37-9445-4DAC-A83D-08E24442206D}
		{0CDFD51F-A80A-0B7C-66FB-B8FC5A13C3B9} = {5EA25967-8167-5F89-ABB9-494ACAFBE00E}
		{ADBCFCF8-C92A-4690-847B-62E53B9C8130} = {0CDFD51F-A80A-0B7C-66FB-B8FC5A13C3B9}
	EndGlobalSection
EndGlobal
